%{
  "abnf_parsec": {:hex, :abnf_parsec, "2.1.0", "c4e88d5d089f1698297c0daced12be1fb404e6e577ecf261313ebba5477941f9", [:mix], [{:nimble_parsec, "~> 1.4", [hex: :nimble_parsec, repo: "hexpm", optional: false]}], "hexpm", "e0ed6290c7cc7e5020c006d1003520390c9bdd20f7c3f776bd49bfe3c5cd362a"},
  "bandit": {:hex, :bandit, "1.12.5", "af205a8e550f304caae09a97d29fd3c79a7f337526ea7cd772d2ff11d2f7c800", [:mix], [{:hpax, "~> 1.0", [hex: :hpax, repo: "hexpm", optional: false]}, {:plug, "~> 1.18", [hex: :plug, repo: "hexpm", optional: false]}, {:telemetry, "~> 0.4 or ~> 1.0", [hex: :telemetry, repo: "hexpm", optional: false]}, {:thousand_island, "~> 1.5", [hex: :thousand_island, repo: "hexpm", optional: false]}, {:websock, "~> 0.5", [hex: :websock, repo: "hexpm", optional: false]}], "hexpm", "c5684ca062fa407cac115aec3256383f3e2ec9fdced7904d59cf5a7bb7ed6181"},
  "dotenvy": {:hex, :dotenvy, "1.2.1", "43b28d17c996d70ac09f6a6dfd2245378b346ed7290c36452b46cdca77cd96bc", [:mix], [], "hexpm", "20cf780119be89a7cae7808543ebc8b7e56f0993b6aa058260fab686afe9073d"},
  "execution_plane": {:hex, :execution_plane, "0.3.0", "873523d879cc4aebcb56c51db2400a48f95991bc4e9f3d9077db8f3dc93eadc1", [:mix], [{:ground_plane_contracts, "~> 0.1.0", [hex: :ground_plane_contracts, repo: "hexpm", optional: false]}, {:ground_plane_persistence_policy, "~> 0.1.0", [hex: :ground_plane_persistence_policy, repo: "hexpm", optional: false]}, {:jason, "~> 1.4.5", [hex: :jason, repo: "hexpm", optional: false]}, {:telemetry, "~> 1.4.2", [hex: :telemetry, repo: "hexpm", optional: false]}], "hexpm", "6a9c83f045b0b39724be4d29d930932cd4660861d6e866503e1de2b76791395b"},
  "execution_plane_http": {:hex, :execution_plane_http, "0.2.0", "eaaf6c7d7967dbd7a110cf84706b4bb4afffc08280da866dea287e028967ad27", [:mix], [{:execution_plane, "~> 0.3.0", [hex: :execution_plane, repo: "hexpm", optional: false]}, {:jason, "~> 1.4.5", [hex: :jason, repo: "hexpm", optional: false]}], "hexpm", "b2f21df6604969844ea3da63565432984c11775195a148e9895a261bf0b6017f"},
  "finch": {:hex, :finch, "0.23.0", "e3f9287ac25a8832f848b144c2b57346aac65b205e2e0629a52adfe6507fd837", [:mix], [{:mime, "~> 1.0 or ~> 2.0", [hex: :mime, repo: "hexpm", optional: false]}, {:mint, "~> 1.8", [hex: :mint, repo: "hexpm", optional: false]}, {:nimble_options, "~> 0.4 or ~> 1.0", [hex: :nimble_options, repo: "hexpm", optional: false]}, {:nimble_pool, "~> 1.1", [hex: :nimble_pool, repo: "hexpm", optional: false]}, {:telemetry, "~> 0.4 or ~> 1.0", [hex: :telemetry, repo: "hexpm", optional: false]}], "hexpm", "80e58d3f936f57e3fdf404f83a3642897ae6d9fb642934e46da4d8fe761b99d5"},
  "foundation": {:hex, :foundation, "0.2.2", "f5874b51cced2de6fea3abf2929a3aa3d530e14171cefe51caf6ccf9595872b5", [:mix], [{:telemetry, "~> 1.2", [hex: :telemetry, repo: "hexpm", optional: false]}], "hexpm", "1b0cfd0b42b48d01fd3c25bbaf3b10783a68128ab5b5ed5f1252749ab29de722"},
  "ground_plane_contracts": {:hex, :ground_plane_contracts, "0.1.1", "881db2fc7ee0355319a032392f90baee624f81c7ffd1709c70626754f10bab49", [:mix], [{:jason, "~> 1.4", [hex: :jason, repo: "hexpm", optional: false]}], "hexpm", "49bc81e21041fffb3cb84425bbd17a3c4a36fd9b1865c247146047fdea900596"},
  "ground_plane_persistence_policy": {:hex, :ground_plane_persistence_policy, "0.1.0", "e7af34b312cb5a49efc54fae551816737bae79cb5a06ca8c7439bce76478a71b", [:mix], [], "hexpm", "79130d7284769ff9e7a439523aa1fbc6a0882b3056556e49fed55e82435654cd"},
  "hpax": {:hex, :hpax, "1.0.4", "777de5d433b0fbdc7c418159c8055910faa8047ffdb3d6b31098d2a46cd7685c", [:mix], [], "hexpm", "afc7cb142ebcc2d01ce7816190b98ce5dd49e799111b24249f3443d730f377ca"},
  "idna": {:hex, :idna, "7.1.0", "1067a13043538129602d2f2ce6899d8713125c7d19734aa557ce2e3ea55bd4f1", [:rebar3], [], "hexpm", "6ae959a025bf36df61a8cab8508d9654891b5426a84c44d82deaffd6ddf8c71f"},
  "jason": {:hex, :jason, "1.4.5", "2e3a008590b0b8d7388c20293e9dcc9cf3e5d642fd2a114e4cbbb52e595d940a", [:mix], [{:decimal, "~> 1.0 or ~> 2.0 or ~> 3.0", [hex: :decimal, repo: "hexpm", optional: true]}], "hexpm", "b0c823996102bcd0239b3c2444eb00409b72f6a140c1950bc8b457d836b30684"},
  "jev": {:hex, :jev, "0.1.0", "763918c6b58fb5635758cb2f3f9b97f64ad462de4eacf5cf61ddabbd154cfa4a", [:mix], [{:req, "~> 0.7.4", [hex: :req, repo: "hexpm", optional: false]}, {:telemetry, "~> 1.4", [hex: :telemetry, repo: "hexpm", optional: false]}], "hexpm", "dc571c44a5774e3becc61f8e87b5a19d8e214f959fc1681344357f9b42d54a0b"},
  "jsv": {:hex, :jsv, "0.21.2", "fb84c2a1bb5884e2b91ae66c5ed84a4db1da2bcfc1df5175c8b33c8791d39353", [:mix], [{:abnf_parsec, "~> 2.0", [hex: :abnf_parsec, repo: "hexpm", optional: false]}, {:decimal, "~> 2.0 or ~> 3.0", [hex: :decimal, repo: "hexpm", optional: true]}, {:idna, "~> 6.0 or ~> 7.0", [hex: :idna, repo: "hexpm", optional: false]}, {:jason, "~> 1.0", [hex: :jason, repo: "hexpm", optional: true]}, {:texture, "~> 1.0", [hex: :texture, repo: "hexpm", optional: false]}], "hexpm", "5963f414f9fb37c541dcebfb2df96d07ae4a40d12f52d7ac5e057969e5e7d83a"},
  "llm_db": {:hex, :llm_db, "2026.9.3", "8779ddf90d496c020d0ec0b5ab5e952d22bbc9aa14aaacd48ccc2065c0de8886", [:mix], [{:dotenvy, "~> 1.1", [hex: :dotenvy, repo: "hexpm", optional: false]}, {:igniter, "~> 0.7", [hex: :igniter, repo: "hexpm", optional: true]}, {:jason, "~> 1.4", [hex: :jason, repo: "hexpm", optional: false]}, {:req, "~> 0.5", [hex: :req, repo: "hexpm", optional: false]}, {:toml, "~> 0.7", [hex: :toml, repo: "hexpm", optional: false]}, {:zoi, "~> 0.10", [hex: :zoi, repo: "hexpm", optional: false]}], "hexpm", "6d72f49ebdb60089c4faadc33e7a3a60a96cfe0c5c644b07fe6f1cdcae0e1bf9"},
  "mime": {:hex, :mime, "2.0.7", "b8d739037be7cd402aee1ba0306edfdef982687ee7e9859bee6198c1e7e2f128", [:mix], [], "hexpm", "6171188e399ee16023ffc5b76ce445eb6d9672e2e241d2df6050f3c771e80ccd"},
  "mint": {:hex, :mint, "1.10.0", "85af3353bfc504f5bdfe494bd92b8490f87a306dc659ee1ad0af435107e898dc", [:mix], [{:castore, "~> 0.1.0 or ~> 1.0", [hex: :castore, repo: "hexpm", optional: true]}, {:hpax, "~> 0.1.1 or ~> 0.2.0 or ~> 1.0", [hex: :hpax, repo: "hexpm", optional: false]}], "hexpm", "8b16fb72aaa7531d206a1f05e4cc85509ba531ccec7a17a22736c9c95cbb24d1"},
  "multipart_ex": {:hex, :multipart_ex, "0.1.0", "a47f7583905f31b9807ebe5c8bc144974cdf0b793adf37f4635ab36f19383aa5", [:mix], [{:mime, "~> 2.0", [hex: :mime, repo: "hexpm", optional: true]}], "hexpm", "316157d03c87c95a09a5de61b894e2460bcc7100c1f5786255de59d1d5dd384f"},
  "nimble_options": {:hex, :nimble_options, "1.1.1", "e3a492d54d85fc3fd7c5baf411d9d2852922f66e69476317787a7b2bb000a61b", [:mix], [], "hexpm", "821b2470ca9442c4b6984882fe9bb0389371b8ddec4d45a9504f00a66f650b44"},
  "nimble_parsec": {:hex, :nimble_parsec, "1.4.2", "8efba0122db06df95bfaa78f791344a89352ba04baedd3849593bfce4d0dc1c6", [:mix], [], "hexpm", "4b21398942dda052b403bbe1da991ccd03a053668d147d53fb8c4e0efe09c973"},
  "nimble_pool": {:hex, :nimble_pool, "1.1.0", "bf9c29fbdcba3564a8b800d1eeb5a3c58f36e1e11d7b7fb2e084a643f645f06b", [:mix], [], "hexpm", "af2e4e6b34197db81f7aad230c1118eac993acc0dae6bc83bac0126d4ae0813a"},
  "plug": {:hex, :plug, "1.20.3", "56c480c633ec2ce10140e236e15233bf576e1d323887d7c96711bd02ab5160db", [:mix], [{:mime, "~> 1.0 or ~> 2.0", [hex: :mime, repo: "hexpm", optional: false]}, {:plug_crypto, "~> 1.1.1 or ~> 1.2 or ~> 2.0", [hex: :plug_crypto, repo: "hexpm", optional: false]}, {:telemetry, "~> 0.4.3 or ~> 1.0", [hex: :telemetry, repo: "hexpm", optional: false]}], "hexpm", "be266aee1b8536ef6409d58cf39a3121319f0ec47cfa1b24024485aa0e76ad76"},
  "plug_crypto": {:hex, :plug_crypto, "2.2.0", "144014737daaf485407f5ed77daeaad74d651b216a28c87543f8cc7043f8efc8", [:mix], [], "hexpm", "83a95744ab1c75876542b6fab135fcc176280e0f301a111c1f757fddcec95d2c"},
  "pristine": {:hex, :pristine, "0.4.0", "e0928aa64614030147a8ab661baab1bffd0040df26b1f5973a263a06d4fd76db", [:mix], [{:bandit, "~> 1.12.5", [hex: :bandit, repo: "hexpm", optional: true]}, {:execution_plane, "~> 0.3.0", [hex: :execution_plane, repo: "hexpm", optional: false]}, {:execution_plane_http, "~> 0.2.0", [hex: :execution_plane_http, repo: "hexpm", optional: false]}, {:finch, "~> 0.23.0", [hex: :finch, repo: "hexpm", optional: false]}, {:foundation, "~> 0.2.2", [hex: :foundation, repo: "hexpm", optional: false]}, {:jason, "~> 1.4.5", [hex: :jason, repo: "hexpm", optional: false]}, {:multipart_ex, "~> 0.1.0", [hex: :multipart_ex, repo: "hexpm", optional: false]}, {:plug, "~> 1.20.3", [hex: :plug, repo: "hexpm", optional: true]}, {:sinter, "~> 0.3.2", [hex: :sinter, repo: "hexpm", optional: false]}, {:telemetry, "~> 1.4.2", [hex: :telemetry, repo: "hexpm", optional: false]}, {:telemetry_reporter, "~> 0.1.0", [hex: :telemetry_reporter, repo: "hexpm", optional: true]}, {:tiktoken_ex, "~> 0.2.0", [hex: :tiktoken_ex, repo: "hexpm", optional: true]}, {:uuid, "~> 1.1.8", [hex: :uuid, repo: "hexpm", optional: false]}], "hexpm", "8261990160d0a0be607761410216c5adbf68a939279bb42aa61e83c1c0131ba9"},
  "req": {:hex, :req, "0.7.4", "23e9ffec17de032a46a4b15ed65c09793893bf4a7c680f4bbf6227fce6bdf74d", [:mix], [{:brotli, "~> 0.3.1", [hex: :brotli, repo: "hexpm", optional: true]}, {:finch, "~> 0.21", [hex: :finch, repo: "hexpm", optional: false]}, {:jason, "~> 1.0", [hex: :jason, repo: "hexpm", optional: false]}, {:mime, "~> 2.0.6 or ~> 2.1", [hex: :mime, repo: "hexpm", optional: false]}, {:nimble_csv, "~> 1.0", [hex: :nimble_csv, repo: "hexpm", optional: true]}, {:plug, "~> 1.0", [hex: :plug, repo: "hexpm", optional: true]}], "hexpm", "4b192d63253e8dcc6221ef992ea9ebef7d3555166e8423aa5b553e86bc3c69a2"},
  "req_llm": {:hex, :req_llm, "1.24.0", "cdc5c5cd7f38c0e17cf7a949ced99b6760dcba0d860cd4d066fea1aeba422929", [:mix], [{:dotenvy, "~> 1.1", [hex: :dotenvy, repo: "hexpm", optional: false]}, {:ex_aws_auth, "~> 1.4", [hex: :ex_aws_auth, repo: "hexpm", optional: true]}, {:goth, "~> 1.4", [hex: :goth, repo: "hexpm", optional: true]}, {:igniter, "~> 0.7", [hex: :igniter, repo: "hexpm", optional: true]}, {:jason, "~> 1.4", [hex: :jason, repo: "hexpm", optional: false]}, {:jsv, "~> 0.11", [hex: :jsv, repo: "hexpm", optional: false]}, {:llm_db, ">= 2026.9.3 and < 2027.0.0", [hex: :llm_db, repo: "hexpm", optional: false]}, {:nimble_options, "~> 1.1", [hex: :nimble_options, repo: "hexpm", optional: false]}, {:req, "~> 0.5", [hex: :req, repo: "hexpm", optional: false]}, {:server_sent_events, "~> 1.1.0", [hex: :server_sent_events, repo: "hexpm", optional: false]}, {:splode, "~> 0.3.0", [hex: :splode, repo: "hexpm", optional: false]}, {:websockex, "~> 0.5.1", [hex: :websockex, repo: "hexpm", optional: false]}, {:zoi, "~> 0.14", [hex: :zoi, repo: "hexpm", optional: false]}], "hexpm", "8ab6bda68e28afc3adf070cc6616d51831b42b8ff144116a9f104999af4c763f"},
  "server_sent_events": {:hex, :server_sent_events, "1.1.0", "54606238b9182ba673a10ce90bd95f81a0939c1baa91cdf86b66acc04edd1832", [:mix], [], "hexpm", "8e164db8e295a2d869a8faafbf4a1eeaa749b62fe93f66271adff6394d93ce15"},
  "sinter": {:hex, :sinter, "0.3.2", "a77471cabec8dec0c654ff14de57b257fa43f0bb2e15138193e5578f0c89188e", [:mix], [{:jason, "~> 1.4.5", [hex: :jason, repo: "hexpm", optional: false]}, {:jsv, "~> 0.21.2", [hex: :jsv, repo: "hexpm", optional: false]}, {:nimble_options, "~> 1.1.1", [hex: :nimble_options, repo: "hexpm", optional: false]}], "hexpm", "027871fe960fb5bf1aba75d1df934a771f34d6df7e674130118c0a89db115b89"},
  "splode": {:hex, :splode, "0.3.2", "7716b6b2260a98a6f018c65cc0393da2cdf17314202eb351a0956e8762190dff", [:mix], [], "hexpm", "08fd658f80da7f1cd254b149164dcff8acd44b22f032001d5416b97223d32bc9"},
  "telemetry": {:hex, :telemetry, "1.4.2", "a0cb522801dffb1c49fe6e30561badffc7b6d0e180db1300df759faa22062855", [:rebar3], [], "hexpm", "928f6495066506077862c0d1646609eed891a4326bee3126ba54b60af61febb1"},
  "texture": {:hex, :texture, "1.2.1", "ae8d875fb099bcc1ccb0269296bf6c4590116eff9a44895049379359a14d5fca", [:mix], [{:abnf_parsec, "~> 2.0", [hex: :abnf_parsec, repo: "hexpm", optional: false]}], "hexpm", "925b1938891ce5c1d589df408faa7ed57dd872e4aac9521b32495a29b265cb17"},
  "thousand_island": {:hex, :thousand_island, "1.5.0", "f50a213cac97262b6d5ebb85745aa2c00fec1413191e6e66834788d45425cecb", [:mix], [{:telemetry, "~> 0.4 or ~> 1.0", [hex: :telemetry, repo: "hexpm", optional: false]}], "hexpm", "708923d40523e43cf99041ab37a0d4b0ec426ac6438fa3716ab23d919eaeb412"},
  "toml": {:hex, :toml, "0.7.0", "fbcd773caa937d0c7a02c301a1feea25612720ac3fa1ccb8bfd9d30d822911de", [:mix], [], "hexpm", "0690246a2478c1defd100b0c9b89b4ea280a22be9a7b313a8a058a2408a2fa70"},
  "typesafe_api": {:hex, :typesafe_api, "0.1.0-alpha.3", "465e2898f7a0f060ab397f5f5bb41a1630dbd5b7ff78600f067eb8e20ef68b72", [:mix], [{:nimble_options, "~> 1.1", [hex: :nimble_options, repo: "hexpm", optional: false]}, {:plug, "~> 1.16", [hex: :plug, repo: "hexpm", optional: true]}, {:req, "~> 0.5", [hex: :req, repo: "hexpm", optional: false]}, {:telemetry, "~> 1.3", [hex: :telemetry, repo: "hexpm", optional: false]}, {:telemetry_metrics, "~> 1.0", [hex: :telemetry_metrics, repo: "hexpm", optional: true]}], "hexpm", "776ef584a9724f08185604bac6761d8e7f67d072b00a1e8ca42efceebaff31c9"},
  "typesafe_sdk": {:hex, :typesafe_sdk, "0.3.0", "0fb50bbcbe554ed53690942d26fd13d2e6c51682c90fe2aee84bf5736f43d04d", [:mix], [{:jason, "~> 1.4.5", [hex: :jason, repo: "hexpm", optional: false]}, {:pristine, "~> 0.4.0", [hex: :pristine, repo: "hexpm", optional: false]}, {:telemetry, "~> 1.3", [hex: :telemetry, repo: "hexpm", optional: false]}], "hexpm", "2ad1f0375dad8d190b997f384214bccc4bf0a89028df2122a8f97ad7a02f428b"},
  "uuid": {:hex, :uuid, "1.1.8", "e22fc04499de0de3ed1116b770c7737779f226ceefa0badb3592e64d5cfb4eb9", [:mix], [], "hexpm", "c790593b4c3b601f5dc2378baae7efaf5b3d73c4c6456ba85759905be792f2ac"},
  "websock": {:hex, :websock, "0.5.3", "2f69a6ebe810328555b6fe5c831a851f485e303a7c8ce6c5f675abeb20ebdadc", [:mix], [], "hexpm", "6105453d7fac22c712ad66fab1d45abdf049868f253cf719b625151460b8b453"},
  "websockex": {:hex, :websockex, "0.5.1", "9de28d37bbe34f371eb46e29b79c94c94fff79f93c960d842fbf447253558eb4", [:mix], [{:telemetry, "~> 1.0", [hex: :telemetry, repo: "hexpm", optional: false]}], "hexpm", "8ef39576ed56bc3804c9cd8626f8b5d6b5721848d2726c0ccd4f05385a3c9f14"},
  "zoi": {:hex, :zoi, "0.18.7", "0d6b09d19fd1feff4340b7c5660bab04fbc80c1642ee1e5c75f06d527ac326db", [:mix], [{:decimal, "~> 2.0 or ~> 3.0", [hex: :decimal, repo: "hexpm", optional: true]}, {:phoenix_html, "~> 2.14.2 or ~> 3.0 or ~> 4.1", [hex: :phoenix_html, repo: "hexpm", optional: true]}], "hexpm", "5fedddd755dec84a5e78b3671070a5e595026aa3479f7fa566a42b8c4e4e5ff2"},
}
